
Microsoft Visual Studio Solution File, Format Version 12.00
# Visual Studio Version 17
VisualStudioVersion = 17.0.31903.59
MinimumVisualStudioVersion = 10.0.40219.1
Project("{2150E333-8FDC-42A3-9474-1A3956D46DE8}") = "src", "src", "{C4530AE8-B358-49D3-B047-2B4319A70886}"
EndProject
Project("{FAE04EC0-301F-11D3-BF4B-00C04F79EFBC}") = "MyAwesomeProject.Code", "src\MyAwesomeProject.Code\MyAwesomeProject.Code.csproj", "{C612FC45-2082-41CE-B966-02DA9C51B7C4}"
EndProject
Project("{FAE04EC0-301F-11D3-BF4B-00C04F79EFBC}") = "UmbracoProject", "src\UmbracoProject\UmbracoProject.csproj", "{D7738C93-AABE-4D52-910F-ED767C078FA0}"
EndProject
Global
	GlobalSection(SolutionConfigurationPlatforms) = preSolution
		Debug|Any CPU = Debug|Any CPU
		Release|Any CPU = Release|Any CPU
	EndGlobalSection
	GlobalSection(SolutionProperties) = preSolution
		HideSolutionNode = FALSE
	EndGlobalSection
	GlobalSection(ProjectConfigurationPlatforms) = postSolution
		{C612FC45-2082-41CE-B966-02DA9C51B7C4}.Debug|Any CPU.ActiveCfg = Debug|Any CPU
		{C612FC45-2082-41CE-B966-02DA9C51B7C4}.Debug|Any CPU.Build.0 = Debug|Any CPU
		{C612FC45-2082-41CE-B966-02DA9C51B7C4}.Release|Any CPU.ActiveCfg = Release|Any CPU
		{C612FC45-2082-41CE-B966-02DA9C51B7C4}.Release|Any CPU.Build.0 = Release|Any CPU
		{D7738C93-AABE-4D52-910F-ED767C078FA0}.Debug|Any CPU.ActiveCfg = Debug|Any CPU
		{D7738C93-AABE-4D52-910F-ED767C078FA0}.Debug|Any CPU.Build.0 = Debug|Any CPU
		{D7738C93-AABE-4D52-910F-ED767C078FA0}.Release|Any CPU.ActiveCfg = Release|Any CPU
		{D7738C93-AABE-4D52-910F-ED767C078FA0}.Release|Any CPU.Build.0 = Release|Any CPU
	EndGlobalSection
	GlobalSection(NestedProjects) = preSolution
		{C612FC45-2082-41CE-B966-02DA9C51B7C4} = {C4530AE8-B358-49D3-B047-2B4319A70886}
		{D7738C93-AABE-4D52-910F-ED767C078FA0} = {C4530AE8-B358-49D3-B047-2B4319A70886}
	EndGlobalSection
EndGlobal
